
Microsoft Visual Studio Solution File, Format Version 12.00
# Visual Studio 2013
VisualStudioVersion = 12.0.31101.0
MinimumVisualStudioVersion = 10.0.40219.1
Project("{FAE04EC0-301F-11D3-BF4B-00C04F79EFBC}") = "AqarServiceVersion2", "AqarServiceVersion2\AqarServiceVersion2.csproj", "{09E40EE7-A922-43B5-92ED-72388E4992B7}"
EndProject
Project("{FAE04EC0-301F-11D3-BF4B-00C04F79EFBC}") = "Aqar.Engine", "Aqar.Engine\Aqar.Engine.csproj", "{4D9664DE-F5A9-4FE5-B5A4-A36A3661366D}"
EndProject
Project("{FAE04EC0-301F-11D3-BF4B-00C04F79EFBC}") = "Aqar.Service", "Aqar.Service\Aqar.Service.csproj", "{C894E873-08CE-4967-ABEE-745D046F14CD}"
EndProject
Global
	GlobalSection(SolutionConfigurationPlatforms) = preSolution
		Debug|Any CPU = Debug|Any CPU
		Release|Any CPU = Release|Any CPU
	EndGlobalSection
	GlobalSection(ProjectConfigurationPlatforms) = postSolution
		{09E40EE7-A922-43B5-92ED-72388E4992B7}.Debug|Any CPU.ActiveCfg = Debug|Any CPU
		{09E40EE7-A922-43B5-92ED-72388E4992B7}.Debug|Any CPU.Build.0 = Debug|Any CPU
		{09E40EE7-A922-43B5-92ED-72388E4992B7}.Release|Any CPU.ActiveCfg = Release|Any CPU
		{09E40EE7-A922-43B5-92ED-72388E4992B7}.Release|Any CPU.Build.0 = Release|Any CPU
		{4D9664DE-F5A9-4FE5-B5A4-A36A3661366D}.Debug|Any CPU.ActiveCfg = Debug|Any CPU
		{4D9664DE-F5A9-4FE5-B5A4-A36A3661366D}.Debug|Any CPU.Build.0 = Debug|Any CPU
		{4D9664DE-F5A9-4FE5-B5A4-A36A3661366D}.Release|Any CPU.ActiveCfg = Release|Any CPU
		{4D9664DE-F5A9-4FE5-B5A4-A36A3661366D}.Release|Any CPU.Build.0 = Release|Any CPU
		{C894E873-08CE-4967-ABEE-745D046F14CD}.Debug|Any CPU.ActiveCfg = Debug|Any CPU
		{C894E873-08CE-4967-ABEE-745D046F14CD}.Debug|Any CPU.Build.0 = Debug|Any CPU
		{C894E873-08CE-4967-ABEE-745D046F14CD}.Release|Any CPU.ActiveCfg = Release|Any CPU
		{C894E873-08CE-4967-ABEE-745D046F14CD}.Release|Any CPU.Build.0 = Release|Any CPU
	EndGlobalSection
	GlobalSection(SolutionProperties) = preSolution
		HideSolutionNode = FALSE
	EndGlobalSection
EndGlobal
